
Microsoft Visual Studio Solution File, Format Version 12.00
# Visual Studio Version 17
VisualStudioVersion = 17.2.32616.157
MinimumVisualStudioVersion = 10.0.40219.1
Project("{8BC9CEB8-8B4A-11D0-8D11-00A0C91BC942}") = "Aster", "Aster\Aster.vcxproj", "{E1FF83F4-4B52-4083-BA90-B738F774BE23}"
EndProject
Project("{8BC9CEB8-8B4A-11D0-8D11-00A0C91BC942}") = "AsterLib", "AsterLib\AsterLib.vcxproj", "{33BFF408-57F3-4445-B10E-6310B1C7F254}"
	ProjectSection(ProjectDependencies) = postProject
		{B2EB93FD-FFA4-4699-B356-D2A375C1E752} = {B2EB93FD-FFA4-4699-B356-D2A375C1E752}
	EndProjectSection
EndProject
Project("{8BC9CEB8-8B4A-11D0-8D11-00A0C91BC942}") = "jpleph", "jpleph\jpleph.vcxproj", "{D50C19A2-9D6B-4DCE-8D16-071A529E86C6}"
EndProject
Project("{8BC9CEB8-8B4A-11D0-8D11-00A0C91BC942}") = "libjpleph", "libjpleph\libjpleph.vcxproj", "{BD35FAFB-2020-454F-9AFC-D69EF7D30294}"
EndProject
Project("{8BC9CEB8-8B4A-11D0-8D11-00A0C91BC942}") = "testeph", "testeph\testeph.vcxproj", "{48370876-5616-4E31-B190-9229CD2EDA1F}"
	ProjectSection(ProjectDependencies) = postProject
		{BD35FAFB-2020-454F-9AFC-D69EF7D30294} = {BD35FAFB-2020-454F-9AFC-D69EF7D30294}
	EndProjectSection
EndProject
Project("{8BC9CEB8-8B4A-11D0-8D11-00A0C91BC942}") = "SOFA", "SOFA\SOFA.vcxproj", "{B2EB93FD-FFA4-4699-B356-D2A375C1E752}"
EndProject
Project("{8BC9CEB8-8B4A-11D0-8D11-00A0C91BC942}") = "TestSOFA", "TestSOFA\TestSOFA.vcxproj", "{23271173-3E9C-4635-B1D1-14E9DB0DBC75}"
	ProjectSection(ProjectDependencies) = postProject
		{B2EB93FD-FFA4-4699-B356-D2A375C1E752} = {B2EB93FD-FFA4-4699-B356-D2A375C1E752}
	EndProjectSection
EndProject
Project("{8BC9CEB8-8B4A-11D0-8D11-00A0C91BC942}") = "Newcomb", "Newcomb\Newcomb.vcxproj", "{255AE7AC-6C3A-45A0-AE11-15A17F924147}"
EndProject
Project("{8BC9CEB8-8B4A-11D0-8D11-00A0C91BC942}") = "TestNewcomb", "TestNewcomb\TestNewcomb.vcxproj", "{DF397DB3-E4D1-4208-8552-BCD4D350CA26}"
EndProject
Project("{8BC9CEB8-8B4A-11D0-8D11-00A0C91BC942}") = "suite", "suite\suite.vcxproj", "{5A410A25-102A-423C-8F1C-1257BB7B422F}"
EndProject
Project("{8BC9CEB8-8B4A-11D0-8D11-00A0C91BC942}") = "TestIO", "TestIO\TestIO.vcxproj", "{7DCAB5C1-EADE-4A5A-AD42-883A91E7C913}"
	ProjectSection(ProjectDependencies) = postProject
		{33BFF408-57F3-4445-B10E-6310B1C7F254} = {33BFF408-57F3-4445-B10E-6310B1C7F254}
	EndProjectSection
EndProject
Global
	GlobalSection(SolutionConfigurationPlatforms) = preSolution
		Debug|x64 = Debug|x64
		Release|x64 = Release|x64
	EndGlobalSection
	GlobalSection(ProjectConfigurationPlatforms) = postSolution
		{E1FF83F4-4B52-4083-BA90-B738F774BE23}.Debug|x64.ActiveCfg = Debug|x64
		{E1FF83F4-4B52-4083-BA90-B738F774BE23}.Release|x64.ActiveCfg = Release|x64
		{33BFF408-57F3-4445-B10E-6310B1C7F254}.Debug|x64.ActiveCfg = Debug|x64
		{33BFF408-57F3-4445-B10E-6310B1C7F254}.Debug|x64.Build.0 = Debug|x64
		{33BFF408-57F3-4445-B10E-6310B1C7F254}.Release|x64.ActiveCfg = Release|x64
		{33BFF408-57F3-4445-B10E-6310B1C7F254}.Release|x64.Build.0 = Release|x64
		{D50C19A2-9D6B-4DCE-8D16-071A529E86C6}.Debug|x64.ActiveCfg = Debug|x64
		{D50C19A2-9D6B-4DCE-8D16-071A529E86C6}.Release|x64.ActiveCfg = Release|x64
		{BD35FAFB-2020-454F-9AFC-D69EF7D30294}.Debug|x64.ActiveCfg = Debug|x64
		{BD35FAFB-2020-454F-9AFC-D69EF7D30294}.Release|x64.ActiveCfg = Release|x64
		{48370876-5616-4E31-B190-9229CD2EDA1F}.Debug|x64.ActiveCfg = Debug|x64
		{48370876-5616-4E31-B190-9229CD2EDA1F}.Release|x64.ActiveCfg = Release|x64
		{B2EB93FD-FFA4-4699-B356-D2A375C1E752}.Debug|x64.ActiveCfg = Debug|x64
		{B2EB93FD-FFA4-4699-B356-D2A375C1E752}.Debug|x64.Build.0 = Debug|x64
		{B2EB93FD-FFA4-4699-B356-D2A375C1E752}.Release|x64.ActiveCfg = Release|x64
		{B2EB93FD-FFA4-4699-B356-D2A375C1E752}.Release|x64.Build.0 = Release|x64
		{23271173-3E9C-4635-B1D1-14E9DB0DBC75}.Debug|x64.ActiveCfg = Debug|x64
		{23271173-3E9C-4635-B1D1-14E9DB0DBC75}.Debug|x64.Build.0 = Debug|x64
		{23271173-3E9C-4635-B1D1-14E9DB0DBC75}.Release|x64.ActiveCfg = Release|x64
		{23271173-3E9C-4635-B1D1-14E9DB0DBC75}.Release|x64.Build.0 = Release|x64
		{255AE7AC-6C3A-45A0-AE11-15A17F924147}.Debug|x64.ActiveCfg = Debug|x64
		{255AE7AC-6C3A-45A0-AE11-15A17F924147}.Debug|x64.Build.0 = Debug|x64
		{255AE7AC-6C3A-45A0-AE11-15A17F924147}.Release|x64.ActiveCfg = Release|x64
		{255AE7AC-6C3A-45A0-AE11-15A17F924147}.Release|x64.Build.0 = Release|x64
		{DF397DB3-E4D1-4208-8552-BCD4D350CA26}.Debug|x64.ActiveCfg = Debug|x64
		{DF397DB3-E4D1-4208-8552-BCD4D350CA26}.Debug|x64.Build.0 = Debug|x64
		{DF397DB3-E4D1-4208-8552-BCD4D350CA26}.Release|x64.ActiveCfg = Release|x64
		{DF397DB3-E4D1-4208-8552-BCD4D350CA26}.Release|x64.Build.0 = Release|x64
		{5A410A25-102A-423C-8F1C-1257BB7B422F}.Debug|x64.ActiveCfg = Debug|x64
		{5A410A25-102A-423C-8F1C-1257BB7B422F}.Debug|x64.Build.0 = Debug|x64
		{5A410A25-102A-423C-8F1C-1257BB7B422F}.Release|x64.ActiveCfg = Release|x64
		{5A410A25-102A-423C-8F1C-1257BB7B422F}.Release|x64.Build.0 = Release|x64
		{7DCAB5C1-EADE-4A5A-AD42-883A91E7C913}.Debug|x64.ActiveCfg = Debug|x64
		{7DCAB5C1-EADE-4A5A-AD42-883A91E7C913}.Debug|x64.Build.0 = Debug|x64
		{7DCAB5C1-EADE-4A5A-AD42-883A91E7C913}.Release|x64.ActiveCfg = Release|x64
		{7DCAB5C1-EADE-4A5A-AD42-883A91E7C913}.Release|x64.Build.0 = Release|x64
	EndGlobalSection
	GlobalSection(SolutionProperties) = preSolution
		HideSolutionNode = FALSE
	EndGlobalSection
	GlobalSection(ExtensibilityGlobals) = postSolution
		SolutionGuid = {A692FBFA-6633-431E-A4C5-FEFC38A66B43}
	EndGlobalSection
	GlobalSection(Performance) = preSolution
		HasPerformanceSessions = true
	EndGlobalSection
EndGlobal
