
Microsoft Visual Studio Solution File, Format Version 11.00
# Visual C++ Express 2010
Project("{8BC9CEB8-8B4A-11D0-8D11-00A0C91BC942}") = "Aster", "Aster\Aster.vcxproj", "{E1FF83F4-4B52-4083-BA90-B738F774BE23}"
EndProject
Project("{8BC9CEB8-8B4A-11D0-8D11-00A0C91BC942}") = "AsterLib", "AsterLib\AsterLib.vcxproj", "{33BFF408-57F3-4445-B10E-6310B1C7F254}"
EndProject
Project("{8BC9CEB8-8B4A-11D0-8D11-00A0C91BC942}") = "TestIO", "TestIO\TestIO.vcxproj", "{7DCAB5C1-EADE-4A5A-AD42-883A91E7C913}"
	ProjectSection(ProjectDependencies) = postProject
		{33BFF408-57F3-4445-B10E-6310B1C7F254} = {33BFF408-57F3-4445-B10E-6310B1C7F254}
	EndProjectSection
EndProject
Project("{8BC9CEB8-8B4A-11D0-8D11-00A0C91BC942}") = "jpleph", "jpleph\jpleph.vcxproj", "{D50C19A2-9D6B-4DCE-8D16-071A529E86C6}"
EndProject
Project("{8BC9CEB8-8B4A-11D0-8D11-00A0C91BC942}") = "libjpleph", "libjpleph\libjpleph.vcxproj", "{BD35FAFB-2020-454F-9AFC-D69EF7D30294}"
EndProject
Project("{8BC9CEB8-8B4A-11D0-8D11-00A0C91BC942}") = "testeph", "testeph\testeph.vcxproj", "{48370876-5616-4E31-B190-9229CD2EDA1F}"
	ProjectSection(ProjectDependencies) = postProject
		{BD35FAFB-2020-454F-9AFC-D69EF7D30294} = {BD35FAFB-2020-454F-9AFC-D69EF7D30294}
	EndProjectSection
EndProject
Global
	GlobalSection(SolutionConfigurationPlatforms) = preSolution
		Debug|Win32 = Debug|Win32
		Release|Win32 = Release|Win32
	EndGlobalSection
	GlobalSection(ProjectConfigurationPlatforms) = postSolution
		{E1FF83F4-4B52-4083-BA90-B738F774BE23}.Debug|Win32.ActiveCfg = Debug|Win32
		{E1FF83F4-4B52-4083-BA90-B738F774BE23}.Debug|Win32.Build.0 = Debug|Win32
		{E1FF83F4-4B52-4083-BA90-B738F774BE23}.Release|Win32.ActiveCfg = Release|Win32
		{E1FF83F4-4B52-4083-BA90-B738F774BE23}.Release|Win32.Build.0 = Release|Win32
		{33BFF408-57F3-4445-B10E-6310B1C7F254}.Debug|Win32.ActiveCfg = Debug|Win32
		{33BFF408-57F3-4445-B10E-6310B1C7F254}.Debug|Win32.Build.0 = Debug|Win32
		{33BFF408-57F3-4445-B10E-6310B1C7F254}.Release|Win32.ActiveCfg = Release|Win32
		{33BFF408-57F3-4445-B10E-6310B1C7F254}.Release|Win32.Build.0 = Release|Win32
		{7DCAB5C1-EADE-4A5A-AD42-883A91E7C913}.Debug|Win32.ActiveCfg = Debug|Win32
		{7DCAB5C1-EADE-4A5A-AD42-883A91E7C913}.Debug|Win32.Build.0 = Debug|Win32
		{7DCAB5C1-EADE-4A5A-AD42-883A91E7C913}.Release|Win32.ActiveCfg = Release|Win32
		{7DCAB5C1-EADE-4A5A-AD42-883A91E7C913}.Release|Win32.Build.0 = Release|Win32
		{D50C19A2-9D6B-4DCE-8D16-071A529E86C6}.Debug|Win32.ActiveCfg = Debug|Win32
		{D50C19A2-9D6B-4DCE-8D16-071A529E86C6}.Debug|Win32.Build.0 = Debug|Win32
		{D50C19A2-9D6B-4DCE-8D16-071A529E86C6}.Release|Win32.ActiveCfg = Release|Win32
		{D50C19A2-9D6B-4DCE-8D16-071A529E86C6}.Release|Win32.Build.0 = Release|Win32
		{BD35FAFB-2020-454F-9AFC-D69EF7D30294}.Debug|Win32.ActiveCfg = Debug|Win32
		{BD35FAFB-2020-454F-9AFC-D69EF7D30294}.Debug|Win32.Build.0 = Debug|Win32
		{BD35FAFB-2020-454F-9AFC-D69EF7D30294}.Release|Win32.ActiveCfg = Release|Win32
		{BD35FAFB-2020-454F-9AFC-D69EF7D30294}.Release|Win32.Build.0 = Release|Win32
		{48370876-5616-4E31-B190-9229CD2EDA1F}.Debug|Win32.ActiveCfg = Debug|Win32
		{48370876-5616-4E31-B190-9229CD2EDA1F}.Debug|Win32.Build.0 = Debug|Win32
		{48370876-5616-4E31-B190-9229CD2EDA1F}.Release|Win32.ActiveCfg = Release|Win32
		{48370876-5616-4E31-B190-9229CD2EDA1F}.Release|Win32.Build.0 = Release|Win32
	EndGlobalSection
	GlobalSection(SolutionProperties) = preSolution
		HideSolutionNode = FALSE
	EndGlobalSection
EndGlobal
